#MicroXplorer Configuration settings - do not modify
CAD.formats=
CAD.pinconfig=
CAD.provider=
File.Version=6
GPIO.groupedBy=
KeepUserPlacement=false
Mcu.CPN=STM32F479VIT6
Mcu.Family=STM32F4
Mcu.IP0=NVIC
Mcu.IP1=RCC
Mcu.IP2=SYS
Mcu.IPNb=3
Mcu.Name=STM32F479V(G-I)Tx
Mcu.Package=LQFP100
Mcu.Pin0=VP_SYS_VS_Systick
Mcu.Pin1=VP_STMicroelectronics.X-CUBE-AI_VS_ArtificialOoIntelligenceJjXAaCUBEAaAI_9.1.0
Mcu.Pin2=VP_STMicroelectronics.X-CUBE-AI_VS_DeviceJjApplication_9.1.0
Mcu.PinsNb=3
Mcu.ThirdParty0=STMicroelectronics.X-CUBE-AI.9.1.0
Mcu.ThirdPartyNb=1
Mcu.UserConstants=
Mcu.UserName=STM32F479VITx
MxCube.Version=6.12.0
MxDb.Version=DB.6.0.120
NVIC.BusFault_IRQn=true\:0\:0\:false\:false\:true\:false\:false\:false
NVIC.DebugMonitor_IRQn=true\:0\:0\:false\:false\:true\:false\:false\:false
NVIC.ForceEnableDMAVector=true
NVIC.HardFault_IRQn=true\:0\:0\:false\:false\:true\:false\:false\:false
NVIC.MemoryManagement_IRQn=true\:0\:0\:false\:false\:true\:false\:false\:false
NVIC.NonMaskableInt_IRQn=true\:0\:0\:false\:false\:true\:false\:false\:false
NVIC.PendSV_IRQn=true\:0\:0\:false\:false\:true\:false\:false\:false
NVIC.PriorityGroup=NVIC_PRIORITYGROUP_4
NVIC.SVCall_IRQn=true\:0\:0\:false\:false\:true\:false\:false\:false
NVIC.SysTick_IRQn=true\:15\:0\:false\:false\:true\:false\:true\:false
NVIC.UsageFault_IRQn=true\:0\:0\:false\:false\:true\:false\:false\:false
PinOutPanel.RotationAngle=0
ProjectManager.AskForMigrate=true
ProjectManager.BackupPrevious=false
ProjectManager.CompilerOptimize=6
ProjectManager.ComputerToolchain=false
ProjectManager.CoupleFile=true
ProjectManager.CustomerFirmwarePackage=
ProjectManager.DefaultFWLocation=true
ProjectManager.DeletePrevious=true
ProjectManager.DeviceId=STM32F479VITx
ProjectManager.FirmwarePackage=STM32Cube FW_F4 V1.28.1
ProjectManager.FreePins=false
ProjectManager.HalAssertFull=false
ProjectManager.HeapSize=0x4000
ProjectManager.KeepUserCode=true
ProjectManager.LastFirmware=true
ProjectManager.LibraryCopy=1
ProjectManager.MainLocation=Core/Src
ProjectManager.NoMain=false
ProjectManager.PreviousToolchain=
ProjectManager.ProjectBuild=false
ProjectManager.ProjectFileName=f479_2.ioc
ProjectManager.ProjectName=f479_2
ProjectManager.ProjectStructure=
ProjectManager.RegisterCallBack=
ProjectManager.StackSize=0x4000
ProjectManager.TargetToolchain=EWARM V8.50
ProjectManager.ToolChainLocation=
ProjectManager.UAScriptAfterPath=
ProjectManager.UAScriptBeforePath=
ProjectManager.UnderRoot=false
ProjectManager.functionlistsort=1-SystemClock_Config-RCC-false-HAL-false,2-MX_X_CUBE_AI_Init-STMicroelectronics.X-CUBE-AI.9.1.0-false-HAL-false,3-MX_X_CUBE_AI_Process-STMicroelectronics.X-CUBE-AI.9.1.0-false-HAL-false
RCC.AHBFreq_Value=180000000
RCC.APB1CLKDivider=RCC_HCLK_DIV4
RCC.APB1Freq_Value=45000000
RCC.APB1TimFreq_Value=90000000
RCC.APB2CLKDivider=RCC_HCLK_DIV2
RCC.APB2Freq_Value=90000000
RCC.APB2TimFreq_Value=180000000
RCC.CortexFreq_Value=180000000
RCC.DSIFreq_Value=62500000
RCC.DSITXEscFreq_Value=15625000
RCC.EthernetFreq_Value=180000000
RCC.FCLKCortexFreq_Value=180000000
RCC.FamilyName=M
RCC.HCLKFreq_Value=180000000
RCC.I2SFreq_Value=192000000
RCC.IPParameters=AHBFreq_Value,APB1CLKDivider,APB1Freq_Value,APB1TimFreq_Value,APB2CLKDivider,APB2Freq_Value,APB2TimFreq_Value,CortexFreq_Value,DSIFreq_Value,DSITXEscFreq_Value,EthernetFreq_Value,FCLKCortexFreq_Value,FamilyName,HCLKFreq_Value,I2SFreq_Value,LCDTFTFreq_Value,MCO2PinFreq_Value,PLLCLKFreq_Value,PLLDSIVCOFreq_Value,PLLI2SQCLKFreq_Value,PLLI2SRCLKFreq_Value,PLLM,PLLN,PLLQCLKFreq_Value,PLLRCLKFreq_Value,PLLRFreq_Value,PLLSAIPCLKFreq_Value,PLLSAIQCLKFreq_Value,PLLSAIRCLKFreq_Value,RTCFreq_Value,RTCHSEDivFreq_Value,SAIAFreq_Value,SAIBFreq_Value,SDIOFreq_Value,SYSCLKFreq_VALUE,SYSCLKSource,USBFreq_Value,VCOI2SOutputFreq_Value,VCOInputFreq_Value,VCOOutputFreq_Value,VCOSAIOutputFreq_Value
RCC.LCDTFTFreq_Value=96000000
RCC.MCO2PinFreq_Value=180000000
RCC.PLLCLKFreq_Value=180000000
RCC.PLLDSIVCOFreq_Value=1000000000
RCC.PLLI2SQCLKFreq_Value=96000000
RCC.PLLI2SRCLKFreq_Value=192000000
RCC.PLLM=8
RCC.PLLN=180
RCC.PLLQCLKFreq_Value=90000000
RCC.PLLRCLKFreq_Value=180000000
RCC.PLLRFreq_Value=180000000
RCC.PLLSAIPCLKFreq_Value=192000000
RCC.PLLSAIQCLKFreq_Value=96000000
RCC.PLLSAIRCLKFreq_Value=192000000
RCC.RTCFreq_Value=32000
RCC.RTCHSEDivFreq_Value=12500000
RCC.SAIAFreq_Value=96000000
RCC.SAIBFreq_Value=96000000
RCC.SDIOFreq_Value=90000000
RCC.SYSCLKFreq_VALUE=180000000
RCC.SYSCLKSource=RCC_SYSCLKSOURCE_PLLCLK
RCC.USBFreq_Value=90000000
RCC.VCOI2SOutputFreq_Value=384000000
RCC.VCOInputFreq_Value=2000000
RCC.VCOOutputFreq_Value=360000000
RCC.VCOSAIOutputFreq_Value=384000000
STMicroelectronics.X-CUBE-AI.9.1.0.ActivationBufferSizeList=1892
STMicroelectronics.X-CUBE-AI.9.1.0.ActivationBuffers=pool0
STMicroelectronics.X-CUBE-AI.9.1.0.ActivationNames=pool0
STMicroelectronics.X-CUBE-AI.9.1.0.ActivationSizes=AI_NETWORK_DATA_ACTIVATION_1_SIZE
STMicroelectronics.X-CUBE-AI.9.1.0.ApplicationCcDeviceJjApplication=ApplicationTemplate
STMicroelectronics.X-CUBE-AI.9.1.0.ArtificialOoIntelligenceJjXAaCUBEAaAI_Checked=true
STMicroelectronics.X-CUBE-AI.9.1.0.DeviceJjApplication_Checked=true
STMicroelectronics.X-CUBE-AI.9.1.0.HeapSize=0x4000
STMicroelectronics.X-CUBE-AI.9.1.0.IPParameters=XAaCUBEAaAICcArtificialOoIntelligenceJjCore,ApplicationCcDeviceJjApplication,HeapSize,StackSize,ModelName-9266a763502a1ee3c4a24bad68afda1a3a3d956f9e7adef55c81656f6a997d74,ModelKind-9266a763502a1ee3c4a24bad68afda1a3a3d956f9e7adef55c81656f6a997d74,ModelCompression-9266a763502a1ee3c4a24bad68afda1a3a3d956f9e7adef55c81656f6a997d74,ModelHashList,ModelNameList,WorkingBufferStartAddrList,LatestDirectoryUsed-9266a763502a1ee3c4a24bad68afda1a3a3d956f9e7adef55c81656f6a997d74,ModelStructureFile-9266a763502a1ee3c4a24bad68afda1a3a3d956f9e7adef55c81656f6a997d74,ModelMacc-9266a763502a1ee3c4a24bad68afda1a3a3d956f9e7adef55c81656f6a997d74,ModelActualCompression-9266a763502a1ee3c4a24bad68afda1a3a3d956f9e7adef55c81656f6a997d74,ModelRamOccupation-9266a763502a1ee3c4a24bad68afda1a3a3d956f9e7adef55c81656f6a997d74,ModelFlashOccupation-9266a763502a1ee3c4a24bad68afda1a3a3d956f9e7adef55c81656f6a997d74,ModelType-9266a763502a1ee3c4a24bad68afda1a3a3d956f9e7adef55c81656f6a997d74,copyWeightToRam,useInputAllocation,useOutputAllocation,customLayerConfigEnabled,noOnnxIoTranspose,ActivationBuffers,ActivationSizes,ActivationNames,InternalRamActivationBufferMaxSize,ActivationBufferSizeList,MaximumNumberOfInputLayer,MaximumNumberOfOutputLayer,MaximumSizeOfInputLayer,MaximumSizeOfOutputLayer,ReadyForCodeGeneration
STMicroelectronics.X-CUBE-AI.9.1.0.InternalRamActivationBufferMaxSize=AI_NETWORK_DATA_ACTIVATIONS_SIZE
STMicroelectronics.X-CUBE-AI.9.1.0.LatestDirectoryUsed-9266a763502a1ee3c4a24bad68afda1a3a3d956f9e7adef55c81656f6a997d74=D\:\\Repo\\Python_REPO\\Onnx_test
STMicroelectronics.X-CUBE-AI.9.1.0.MaximumNumberOfInputLayer=1
STMicroelectronics.X-CUBE-AI.9.1.0.MaximumNumberOfOutputLayer=1
STMicroelectronics.X-CUBE-AI.9.1.0.MaximumSizeOfInputLayer=1
STMicroelectronics.X-CUBE-AI.9.1.0.MaximumSizeOfOutputLayer=1
STMicroelectronics.X-CUBE-AI.9.1.0.ModelActualCompression-9266a763502a1ee3c4a24bad68afda1a3a3d956f9e7adef55c81656f6a997d74=0.0
STMicroelectronics.X-CUBE-AI.9.1.0.ModelCompression-9266a763502a1ee3c4a24bad68afda1a3a3d956f9e7adef55c81656f6a997d74=None
STMicroelectronics.X-CUBE-AI.9.1.0.ModelFlashOccupation-9266a763502a1ee3c4a24bad68afda1a3a3d956f9e7adef55c81656f6a997d74=564
STMicroelectronics.X-CUBE-AI.9.1.0.ModelHashList=9266a763502a1ee3c4a24bad68afda1a3a3d956f9e7adef55c81656f6a997d74
STMicroelectronics.X-CUBE-AI.9.1.0.ModelKind-9266a763502a1ee3c4a24bad68afda1a3a3d956f9e7adef55c81656f6a997d74=ONNX
STMicroelectronics.X-CUBE-AI.9.1.0.ModelMacc-9266a763502a1ee3c4a24bad68afda1a3a3d956f9e7adef55c81656f6a997d74=161
STMicroelectronics.X-CUBE-AI.9.1.0.ModelName-9266a763502a1ee3c4a24bad68afda1a3a3d956f9e7adef55c81656f6a997d74=network
STMicroelectronics.X-CUBE-AI.9.1.0.ModelNameList=network
STMicroelectronics.X-CUBE-AI.9.1.0.ModelRamOccupation-9266a763502a1ee3c4a24bad68afda1a3a3d956f9e7adef55c81656f6a997d74=80
STMicroelectronics.X-CUBE-AI.9.1.0.ModelStructureFile-9266a763502a1ee3c4a24bad68afda1a3a3d956f9e7adef55c81656f6a997d74=D\:\\Repo\\Python_REPO\\Onnx_test\\complex_model.onnx
STMicroelectronics.X-CUBE-AI.9.1.0.ModelType-9266a763502a1ee3c4a24bad68afda1a3a3d956f9e7adef55c81656f6a997d74=STM32Cube.AI MCU runtime
STMicroelectronics.X-CUBE-AI.9.1.0.ReadyForCodeGeneration=true
STMicroelectronics.X-CUBE-AI.9.1.0.StackSize=0x4000
STMicroelectronics.X-CUBE-AI.9.1.0.WorkingBufferStartAddrList=0xFFFFFFFF
STMicroelectronics.X-CUBE-AI.9.1.0.XAaCUBEAaAICcArtificialOoIntelligenceJjCore=true
STMicroelectronics.X-CUBE-AI.9.1.0.copyWeightToRam=false
STMicroelectronics.X-CUBE-AI.9.1.0.customLayerConfigEnabled=false
STMicroelectronics.X-CUBE-AI.9.1.0.noOnnxIoTranspose=false
STMicroelectronics.X-CUBE-AI.9.1.0.useInputAllocation=true
STMicroelectronics.X-CUBE-AI.9.1.0.useOutputAllocation=true
STMicroelectronics.X-CUBE-AI.9.1.0_SwParameter=ApplicationCcDeviceJjApplication\:ApplicationTemplate;XAaCUBEAaAICcArtificialOoIntelligenceJjCore\:true;
VP_STMicroelectronics.X-CUBE-AI_VS_ArtificialOoIntelligenceJjXAaCUBEAaAI_9.1.0.Mode=ArtificialOoIntelligenceJjXAaCUBEAaAI
VP_STMicroelectronics.X-CUBE-AI_VS_ArtificialOoIntelligenceJjXAaCUBEAaAI_9.1.0.Signal=STMicroelectronics.X-CUBE-AI_VS_ArtificialOoIntelligenceJjXAaCUBEAaAI_9.1.0
VP_STMicroelectronics.X-CUBE-AI_VS_DeviceJjApplication_9.1.0.Mode=DeviceJjApplication
VP_STMicroelectronics.X-CUBE-AI_VS_DeviceJjApplication_9.1.0.Signal=STMicroelectronics.X-CUBE-AI_VS_DeviceJjApplication_9.1.0
VP_SYS_VS_Systick.Mode=SysTick
VP_SYS_VS_Systick.Signal=SYS_VS_Systick
board=custom
